
Microsoft Visual Studio Solution File, Format Version 12.00
# Visual Studio 15
VisualStudioVersion = 15.0.28010.0
MinimumVisualStudioVersion = 10.0.40219.1
Project("{FAE04EC0-301F-11D3-BF4B-00C04F79EFBC}") = "File Sorting", "File Sorting\File Sorting.csproj", "{57BA7216-A093-4A54-B987-C6FF063EF582}"
EndProject
Global
	GlobalSection(SolutionConfigurationPlatforms) = preSolution
		Debug|Any CPU = Debug|Any CPU
		Release|Any CPU = Release|Any CPU
	EndGlobalSection
	GlobalSection(ProjectConfigurationPlatforms) = postSolution
		{57BA7216-A093-4A54-B987-C6FF063EF582}.Debug|Any CPU.ActiveCfg = Debug|Any CPU
		{57BA7216-A093-4A54-B987-C6FF063EF582}.Debug|Any CPU.Build.0 = Debug|Any CPU
		{57BA7216-A093-4A54-B987-C6FF063EF582}.Release|Any CPU.ActiveCfg = Release|Any CPU
		{57BA7216-A093-4A54-B987-C6FF063EF582}.Release|Any CPU.Build.0 = Release|Any CPU
	EndGlobalSection
	GlobalSection(SolutionProperties) = preSolution
		HideSolutionNode = FALSE
	EndGlobalSection
	GlobalSection(ExtensibilityGlobals) = postSolution
		SolutionGuid = {8EA37708-6963-49FA-BFBC-3EF2E0F487D0}
	EndGlobalSection
EndGlobal
